
Microsoft Visual Studio Solution File, Format Version 12.00
# Visual Studio Version 17
VisualStudioVersion = 17.12.35527.113
MinimumVisualStudioVersion = 10.0.40219.1
Project("{FAE04EC0-301F-11D3-BF4B-00C04F79EFBC}") = "GameChart", "GameChart\GameChart.csproj", "{165D98CF-40F1-4B02-9B8D-6C5CDD904BC0}"
EndProject
Project("{FAE04EC0-301F-11D3-BF4B-00C04F79EFBC}") = "Contracts", "Contracts\Contracts.csproj", "{C4A1C75A-5152-479E-8537-473C9A0552BB}"
EndProject
Project("{FAE04EC0-301F-11D3-BF4B-00C04F79EFBC}") = "LoggerService", "LoggerService\LoggerService.csproj", "{B4425490-E998-45BD-B1A5-BBB8128363ED}"
EndProject
Project("{FAE04EC0-301F-11D3-BF4B-00C04F79EFBC}") = "Entities", "Entities\Entities.csproj", "{BBE72544-A560-4075-92A8-8B69311CC302}"
EndProject
Project("{FAE04EC0-301F-11D3-BF4B-00C04F79EFBC}") = "Repository", "Repository\Repository.csproj", "{4114E73C-44AD-488C-8D5A-6588C636EC18}"
EndProject
Project("{2150E333-8FDC-42A3-9474-1A3956D46DE8}") = "Solution Items", "Solution Items", "{56D1D944-9D93-482D-8AC0-0191B4369909}"
	ProjectSection(SolutionItems) = preProject
		.editorconfig = .editorconfig
		.gitignore = .gitignore
	EndProjectSection
EndProject
Project("{FAE04EC0-301F-11D3-BF4B-00C04F79EFBC}") = "Service.Contracts", "Service.Contracts\Service.Contracts.csproj", "{F8E8F1B1-4132-4490-B74B-56D82C4AE357}"
EndProject
Project("{FAE04EC0-301F-11D3-BF4B-00C04F79EFBC}") = "Service", "Service\Service.csproj", "{1F1760B4-3448-48ED-8C6E-10BC4BC2BDFA}"
EndProject
Project("{FAE04EC0-301F-11D3-BF4B-00C04F79EFBC}") = "Presentation", "GameChart.Presentation\Presentation.csproj", "{C86A0CDA-16DA-4438-99C7-3C8F331CE79B}"
EndProject
Project("{FAE04EC0-301F-11D3-BF4B-00C04F79EFBC}") = "Shared", "Shared\Shared.csproj", "{40E62D26-ED38-4583-BEDE-37143D469A4A}"
EndProject
Project("{FAE04EC0-301F-11D3-BF4B-00C04F79EFBC}") = "Filters", "Filters\Filters.csproj", "{D6993B89-BEDA-4137-8A9C-D24018E170F6}"
EndProject
Global
	GlobalSection(SolutionConfigurationPlatforms) = preSolution
		Debug|Any CPU = Debug|Any CPU
		Release|Any CPU = Release|Any CPU
	EndGlobalSection
	GlobalSection(ProjectConfigurationPlatforms) = postSolution
		{165D98CF-40F1-4B02-9B8D-6C5CDD904BC0}.Debug|Any CPU.ActiveCfg = Debug|Any CPU
		{165D98CF-40F1-4B02-9B8D-6C5CDD904BC0}.Debug|Any CPU.Build.0 = Debug|Any CPU
		{165D98CF-40F1-4B02-9B8D-6C5CDD904BC0}.Release|Any CPU.ActiveCfg = Release|Any CPU
		{165D98CF-40F1-4B02-9B8D-6C5CDD904BC0}.Release|Any CPU.Build.0 = Release|Any CPU
		{C4A1C75A-5152-479E-8537-473C9A0552BB}.Debug|Any CPU.ActiveCfg = Debug|Any CPU
		{C4A1C75A-5152-479E-8537-473C9A0552BB}.Debug|Any CPU.Build.0 = Debug|Any CPU
		{C4A1C75A-5152-479E-8537-473C9A0552BB}.Release|Any CPU.ActiveCfg = Release|Any CPU
		{C4A1C75A-5152-479E-8537-473C9A0552BB}.Release|Any CPU.Build.0 = Release|Any CPU
		{B4425490-E998-45BD-B1A5-BBB8128363ED}.Debug|Any CPU.ActiveCfg = Debug|Any CPU
		{B4425490-E998-45BD-B1A5-BBB8128363ED}.Debug|Any CPU.Build.0 = Debug|Any CPU
		{B4425490-E998-45BD-B1A5-BBB8128363ED}.Release|Any CPU.ActiveCfg = Release|Any CPU
		{B4425490-E998-45BD-B1A5-BBB8128363ED}.Release|Any CPU.Build.0 = Release|Any CPU
		{BBE72544-A560-4075-92A8-8B69311CC302}.Debug|Any CPU.ActiveCfg = Debug|Any CPU
		{BBE72544-A560-4075-92A8-8B69311CC302}.Debug|Any CPU.Build.0 = Debug|Any CPU
		{BBE72544-A560-4075-92A8-8B69311CC302}.Release|Any CPU.ActiveCfg = Release|Any CPU
		{BBE72544-A560-4075-92A8-8B69311CC302}.Release|Any CPU.Build.0 = Release|Any CPU
		{4114E73C-44AD-488C-8D5A-6588C636EC18}.Debug|Any CPU.ActiveCfg = Debug|Any CPU
		{4114E73C-44AD-488C-8D5A-6588C636EC18}.Debug|Any CPU.Build.0 = Debug|Any CPU
		{4114E73C-44AD-488C-8D5A-6588C636EC18}.Release|Any CPU.ActiveCfg = Release|Any CPU
		{4114E73C-44AD-488C-8D5A-6588C636EC18}.Release|Any CPU.Build.0 = Release|Any CPU
		{F8E8F1B1-4132-4490-B74B-56D82C4AE357}.Debug|Any CPU.ActiveCfg = Debug|Any CPU
		{F8E8F1B1-4132-4490-B74B-56D82C4AE357}.Debug|Any CPU.Build.0 = Debug|Any CPU
		{F8E8F1B1-4132-4490-B74B-56D82C4AE357}.Release|Any CPU.ActiveCfg = Release|Any CPU
		{F8E8F1B1-4132-4490-B74B-56D82C4AE357}.Release|Any CPU.Build.0 = Release|Any CPU
		{1F1760B4-3448-48ED-8C6E-10BC4BC2BDFA}.Debug|Any CPU.ActiveCfg = Debug|Any CPU
		{1F1760B4-3448-48ED-8C6E-10BC4BC2BDFA}.Debug|Any CPU.Build.0 = Debug|Any CPU
		{1F1760B4-3448-48ED-8C6E-10BC4BC2BDFA}.Release|Any CPU.ActiveCfg = Release|Any CPU
		{1F1760B4-3448-48ED-8C6E-10BC4BC2BDFA}.Release|Any CPU.Build.0 = Release|Any CPU
		{C86A0CDA-16DA-4438-99C7-3C8F331CE79B}.Debug|Any CPU.ActiveCfg = Debug|Any CPU
		{C86A0CDA-16DA-4438-99C7-3C8F331CE79B}.Debug|Any CPU.Build.0 = Debug|Any CPU
		{C86A0CDA-16DA-4438-99C7-3C8F331CE79B}.Release|Any CPU.ActiveCfg = Release|Any CPU
		{C86A0CDA-16DA-4438-99C7-3C8F331CE79B}.Release|Any CPU.Build.0 = Release|Any CPU
		{40E62D26-ED38-4583-BEDE-37143D469A4A}.Debug|Any CPU.ActiveCfg = Debug|Any CPU
		{40E62D26-ED38-4583-BEDE-37143D469A4A}.Debug|Any CPU.Build.0 = Debug|Any CPU
		{40E62D26-ED38-4583-BEDE-37143D469A4A}.Release|Any CPU.ActiveCfg = Release|Any CPU
		{40E62D26-ED38-4583-BEDE-37143D469A4A}.Release|Any CPU.Build.0 = Release|Any CPU
		{D6993B89-BEDA-4137-8A9C-D24018E170F6}.Debug|Any CPU.ActiveCfg = Debug|Any CPU
		{D6993B89-BEDA-4137-8A9C-D24018E170F6}.Debug|Any CPU.Build.0 = Debug|Any CPU
		{D6993B89-BEDA-4137-8A9C-D24018E170F6}.Release|Any CPU.ActiveCfg = Release|Any CPU
		{D6993B89-BEDA-4137-8A9C-D24018E170F6}.Release|Any CPU.Build.0 = Release|Any CPU
	EndGlobalSection
	GlobalSection(SolutionProperties) = preSolution
		HideSolutionNode = FALSE
	EndGlobalSection
EndGlobal
